{
  "nodes": {
    "flake-utils": {
      "inputs": {
        "systems": "systems"
      },
      "locked": {
        "lastModified": 1731533236,
        "narHash": "sha256-l0KFg5HjrsfsO/JpG+r7fRrqm12kzFHyUHqHCVpMMbI=",
        "ref": "refs/heads/main",
        "rev": "11707dc2f618dd54ca8739b309ec4fc024de578b",
        "revCount": 102,
        "type": "git",
        "url": "ssh://gitea/mirrors/flake-utils"
      },
      "original": {
        "type": "git",
        "url": "ssh://gitea/mirrors/flake-utils"
      }
    },
    "nixpkgs": {
      "locked": {
        "lastModified": 1772148531,
        "narHash": "sha256-N4s7LtzSPLcNd4dYPBsufF2h/cEIOroDeh7V22amVu0=",
        "ref": "refs/heads/master",
        "rev": "071ec9f266cd2f4540ace89c40686e799372ae0d",
        "shallow": true,
        "type": "git",
        "url": "ssh://gitea/mirrors/nixpkgs"
      },
      "original": {
        "shallow": true,
        "type": "git",
        "url": "ssh://gitea/mirrors/nixpkgs"
      }
    },
    "root": {
      "inputs": {
        "flake-utils": "flake-utils",
        "nixpkgs": "nixpkgs"
      }
    },
    "systems": {
      "locked": {
        "lastModified": 1681028828,
        "narHash": "sha256-Vy1rq5AaRuLzOxct8nz4T6wlgyUR7zLU309k9mBC768=",
        "owner": "nix-systems",
        "repo": "default",
        "rev": "da67096a3b9bf56a91d16901293e51ba5b49a27e",
        "type": "github"
      },
      "original": {
        "owner": "nix-systems",
        "repo": "default",
        "type": "github"
      }
    }
  },
  "root": "root",
  "version": 7
}
